// !$*UTF8*$!
{
	archiveVersion = 1;
	classes = {
	};
	objectVersion = 77;
	objects = {

/* Begin PBXBuildFile section */
		D00A83012D01617600BE9EFB /* MySQLKit in Frameworks */ = {isa = PBXBuildFile; productRef = D00A83002D01617600BE9EFB /* MySQLKit */; };
		D0333ED02CFA7D740024C53D /* KneeLibrary in Frameworks */ = {isa = PBXBuildFile; productRef = D0333ECF2CFA7D740024C53D /* KneeLibrary */; };
/* End PBXBuildFile section */

/* Begin PBXContainerItemProxy section */
		D0BC68F12CDAF0D4002E7BAA /* PBXContainerItemProxy */ = {
			isa = PBXContainerItemProxy;
			containerPortal = D0BC68D82CDAF0D2002E7BAA /* Project object */;
			proxyType = 1;
			remoteGlobalIDString = D0BC68DF2CDAF0D2002E7BAA;
			remoteInfo = MotionMendNew;
		};
		D0BC68FB2CDAF0D4002E7BAA /* PBXContainerItemProxy */ = {
			isa = PBXContainerItemProxy;
			containerPortal = D0BC68D82CDAF0D2002E7BAA /* Project object */;
			proxyType = 1;
			remoteGlobalIDString = D0BC68DF2CDAF0D2002E7BAA;
			remoteInfo = MotionMendNew;
		};
/* End PBXContainerItemProxy section */

/* Begin PBXFileReference section */
		D0333ECD2CFA7CF70024C53D /* KneeLibrary */ = {isa = PBXFileReference; lastKnownFileType = wrapper; name = KneeLibrary; path = ../KneeLibrary; sourceTree = SOURCE_ROOT; };
		D0BC68E02CDAF0D2002E7BAA /* MotionMendNew.app */ = {isa = PBXFileReference; explicitFileType = wrapper.application; includeInIndex = 0; path = MotionMendNew.app; sourceTree = BUILT_PRODUCTS_DIR; };
		D0BC68F02CDAF0D4002E7BAA /* MotionMendNewTests.xctest */ = {isa = PBXFileReference; explicitFileType = wrapper.cfbundle; includeInIndex = 0; path = MotionMendNewTests.xctest; sourceTree = BUILT_PRODUCTS_DIR; };
		D0BC68FA2CDAF0D4002E7BAA /* MotionMendNewUITests.xctest */ = {isa = PBXFileReference; explicitFileType = wrapper.cfbundle; includeInIndex = 0; path = MotionMendNewUITests.xctest; sourceTree = BUILT_PRODUCTS_DIR; };
/* End PBXFileReference section */

/* Begin PBXFileSystemSynchronizedRootGroup section */
		D0BC68E22CDAF0D2002E7BAA /* MotionMendNew */ = {
			isa = PBXFileSystemSynchronizedRootGroup;
			path = MotionMendNew;
			sourceTree = "<group>";
		};
		D0BC68F32CDAF0D4002E7BAA /* MotionMendNewTests */ = {
			isa = PBXFileSystemSynchronizedRootGroup;
			path = MotionMendNewTests;
			sourceTree = "<group>";
		};
		D0BC68FD2CDAF0D4002E7BAA /* MotionMendNewUITests */ = {
			isa = PBXFileSystemSynchronizedRootGroup;
			path = MotionMendNewUITests;
			sourceTree = "<group>";
		};
/* End PBXFileSystemSynchronizedRootGroup section */

/* Begin PBXFrameworksBuildPhase section */
		D0BC68DD2CDAF0D2002E7BAA /* Frameworks */ = {
			isa = PBXFrameworksBuildPhase;
			buildActionMask = 2147483647;
			files = (
				D00A83012D01617600BE9EFB /* MySQLKit in Frameworks */,
				D0333ED02CFA7D740024C53D /* KneeLibrary in Frameworks */,
			);
			runOnlyForDeploymentPostprocessing = 0;
		};
		D0BC68ED2CDAF0D4002E7BAA /* Frameworks */ = {
			isa = PBXFrameworksBuildPhase;
			buildActionMask = 2147483647;
			files = (
			);
			runOnlyForDeploymentPostprocessing = 0;
		};
		D0BC68F72CDAF0D4002E7BAA /* Frameworks */ = {
			isa = PBXFrameworksBuildPhase;
			buildActionMask = 2147483647;
			files = (
			);
			runOnlyForDeploymentPostprocessing = 0;
		};
/* End PBXFrameworksBuildPhase section */

/* Begin PBXGroup section */
		D0BC68D72CDAF0D2002E7BAA = {
			isa = PBXGroup;
			children = (
				D0333ECD2CFA7CF70024C53D /* KneeLibrary */,
				D0BC68E22CDAF0D2002E7BAA /* MotionMendNew */,
				D0BC68F32CDAF0D4002E7BAA /* MotionMendNewTests */,
				D0BC68FD2CDAF0D4002E7BAA /* MotionMendNewUITests */,
				D0BC68E12CDAF0D2002E7BAA /* Products */,
			);
			sourceTree = "<group>";
		};
		D0BC68E12CDAF0D2002E7BAA /* Products */ = {
			isa = PBXGroup;
			children = (
				D0BC68E02CDAF0D2002E7BAA /* MotionMendNew.app */,
				D0BC68F02CDAF0D4002E7BAA /* MotionMendNewTests.xctest */,
				D0BC68FA2CDAF0D4002E7BAA /* MotionMendNewUITests.xctest */,
			);
			name = Products;
			sourceTree = "<group>";
		};
/* End PBXGroup section */

/* Begin PBXNativeTarget section */
		D0BC68DF2CDAF0D2002E7BAA /* MotionMendNew */ = {
			isa = PBXNativeTarget;
			buildConfigurationList = D0BC69042CDAF0D4002E7BAA /* Build configuration list for PBXNativeTarget "MotionMendNew" */;
			buildPhases = (
				D0BC68DC2CDAF0D2002E7BAA /* Sources */,
				D0BC68DD2CDAF0D2002E7BAA /* Frameworks */,
				D0BC68DE2CDAF0D2002E7BAA /* Resources */,
			);
			buildRules = (
			);
			dependencies = (
			);
			fileSystemSynchronizedGroups = (
				D0BC68E22CDAF0D2002E7BAA /* MotionMendNew */,
			);
			name = MotionMendNew;
			packageProductDependencies = (
				D0333ECF2CFA7D740024C53D /* KneeLibrary */,
				D00A83002D01617600BE9EFB /* MySQLKit */,
			);
			productName = MotionMendNew;
			productReference = D0BC68E02CDAF0D2002E7BAA /* MotionMendNew.app */;
			productType = "com.apple.product-type.application";
		};
		D0BC68EF2CDAF0D4002E7BAA /* MotionMendNewTests */ = {
			isa = PBXNativeTarget;
			buildConfigurationList = D0BC69072CDAF0D4002E7BAA /* Build configuration list for PBXNativeTarget "MotionMendNewTests" */;
			buildPhases = (
				D0BC68EC2CDAF0D4002E7BAA /* Sources */,
				D0BC68ED2CDAF0D4002E7BAA /* Frameworks */,
				D0BC68EE2CDAF0D4002E7BAA /* Resources */,
			);
			buildRules = (
			);
			dependencies = (
				D0BC68F22CDAF0D4002E7BAA /* PBXTargetDependency */,
			);
			fileSystemSynchronizedGroups = (
				D0BC68F32CDAF0D4002E7BAA /* MotionMendNewTests */,
			);
			name = MotionMendNewTests;
			packageProductDependencies = (
			);
			productName = MotionMendNewTests;
			productReference = D0BC68F02CDAF0D4002E7BAA /* MotionMendNewTests.xctest */;
			productType = "com.apple.product-type.bundle.unit-test";
		};
		D0BC68F92CDAF0D4002E7BAA /* MotionMendNewUITests */ = {
			isa = PBXNativeTarget;
			buildConfigurationList = D0BC690A2CDAF0D4002E7BAA /* Build configuration list for PBXNativeTarget "MotionMendNewUITests" */;
			buildPhases = (
				D0BC68F62CDAF0D4002E7BAA /* Sources */,
				D0BC68F72CDAF0D4002E7BAA /* Frameworks */,
				D0BC68F82CDAF0D4002E7BAA /* Resources */,
			);
			buildRules = (
			);
			dependencies = (
				D0BC68FC2CDAF0D4002E7BAA /* PBXTargetDependency */,
			);
			fileSystemSynchronizedGroups = (
				D0BC68FD2CDAF0D4002E7BAA /* MotionMendNewUITests */,
			);
			name = MotionMendNewUITests;
			packageProductDependencies = (
			);
			productName = MotionMendNewUITests;
			productReference = D0BC68FA2CDAF0D4002E7BAA /* MotionMendNewUITests.xctest */;
			productType = "com.apple.product-type.bundle.ui-testing";
		};
/* End PBXNativeTarget section */

/* Begin PBXProject section */
		D0BC68D82CDAF0D2002E7BAA /* Project object */ = {
			isa = PBXProject;
			attributes = {
				BuildIndependentTargetsInParallel = 1;
				LastSwiftUpdateCheck = 1610;
				LastUpgradeCheck = 1610;
				TargetAttributes = {
					D0BC68DF2CDAF0D2002E7BAA = {
						CreatedOnToolsVersion = 16.1;
					};
					D0BC68EF2CDAF0D4002E7BAA = {
						CreatedOnToolsVersion = 16.1;
						TestTargetID = D0BC68DF2CDAF0D2002E7BAA;
					};
					D0BC68F92CDAF0D4002E7BAA = {
						CreatedOnToolsVersion = 16.1;
						TestTargetID = D0BC68DF2CDAF0D2002E7BAA;
					};
				};
			};
			buildConfigurationList = D0BC68DB2CDAF0D2002E7BAA /* Build configuration list for PBXProject "MotionMendNew" */;
			developmentRegion = en;
			hasScannedForEncodings = 0;
			knownRegions = (
				en,
				Base,
			);
			mainGroup = D0BC68D72CDAF0D2002E7BAA;
			minimizedProjectReferenceProxies = 1;
			packageReferences = (
				D0333ECE2CFA7D740024C53D /* XCLocalSwiftPackageReference "../KneeLibrary" */,
				D00A82FF2D01617600BE9EFB /* XCRemoteSwiftPackageReference "mysql-kit" */,
			);
			preferredProjectObjectVersion = 77;
			productRefGroup = D0BC68E12CDAF0D2002E7BAA /* Products */;
			projectDirPath = "";
			projectRoot = "";
			targets = (
				D0BC68DF2CDAF0D2002E7BAA /* MotionMendNew */,
				D0BC68EF2CDAF0D4002E7BAA /* MotionMendNewTests */,
				D0BC68F92CDAF0D4002E7BAA /* MotionMendNewUITests */,
			);
		};
/* End PBXProject section */

/* Begin PBXResourcesBuildPhase section */
		D0BC68DE2CDAF0D2002E7BAA /* Resources */ = {
			isa = PBXResourcesBuildPhase;
			buildActionMask = 2147483647;
			files = (
			);
			runOnlyForDeploymentPostprocessing = 0;
		};
		D0BC68EE2CDAF0D4002E7BAA /* Resources */ = {
			isa = PBXResourcesBuildPhase;
			buildActionMask = 2147483647;
			files = (
			);
			runOnlyForDeploymentPostprocessing = 0;
		};
		D0BC68F82CDAF0D4002E7BAA /* Resources */ = {
			isa = PBXResourcesBuildPhase;
			buildActionMask = 2147483647;
			files = (
			);
			runOnlyForDeploymentPostprocessing = 0;
		};
/* End PBXResourcesBuildPhase section */

/* Begin PBXSourcesBuildPhase section */
		D0BC68DC2CDAF0D2002E7BAA /* Sources */ = {
			isa = PBXSourcesBuildPhase;
			buildActionMask = 2147483647;
			files = (
			);
			runOnlyForDeploymentPostprocessing = 0;
		};
		D0BC68EC2CDAF0D4002E7BAA /* Sources */ = {
			isa = PBXSourcesBuildPhase;
			buildActionMask = 2147483647;
			files = (
			);
			runOnlyForDeploymentPostprocessing = 0;
		};
		D0BC68F62CDAF0D4002E7BAA /* Sources */ = {
			isa = PBXSourcesBuildPhase;
			buildActionMask = 2147483647;
			files = (
			);
			runOnlyForDeploymentPostprocessing = 0;
		};
/* End PBXSourcesBuildPhase section */

/* Begin PBXTargetDependency section */
		D0BC68F22CDAF0D4002E7BAA /* PBXTargetDependency */ = {
			isa = PBXTargetDependency;
			target = D0BC68DF2CDAF0D2002E7BAA /* MotionMendNew */;
			targetProxy = D0BC68F12CDAF0D4002E7BAA /* PBXContainerItemProxy */;
		};
		D0BC68FC2CDAF0D4002E7BAA /* PBXTargetDependency */ = {
			isa = PBXTargetDependency;
			target = D0BC68DF2CDAF0D2002E7BAA /* MotionMendNew */;
			targetProxy = D0BC68FB2CDAF0D4002E7BAA /* PBXContainerItemProxy */;
		};
/* End PBXTargetDependency section */

/* Begin XCBuildConfiguration section */
		D0BC69022CDAF0D4002E7BAA /* Debug */ = {
			isa = XCBuildConfiguration;
			buildSettings = {
				ALWAYS_SEARCH_USER_PATHS = NO;
				ASSETCATALOG_COMPILER_GENERATE_SWIFT_ASSET_SYMBOL_EXTENSIONS = YES;
				CLANG_ANALYZER_NONNULL = YES;
				CLANG_ANALYZER_NUMBER_OBJECT_CONVERSION = YES_AGGRESSIVE;
				CLANG_CXX_LANGUAGE_STANDARD = "gnu++20";
				CLANG_ENABLE_MODULES = YES;
				CLANG_ENABLE_OBJC_ARC = YES;
				CLANG_ENABLE_OBJC_WEAK = YES;
				CLANG_WARN_BLOCK_CAPTURE_AUTORELEASING = YES;
				CLANG_WARN_BOOL_CONVERSION = YES;
				CLANG_WARN_COMMA = YES;
				CLANG_WARN_CONSTANT_CONVERSION = YES;
				CLANG_WARN_DEPRECATED_OBJC_IMPLEMENTATIONS = YES;
				CLANG_WARN_DIRECT_OBJC_ISA_USAGE = YES_ERROR;
				CLANG_WARN_DOCUMENTATION_COMMENTS = YES;
				CLANG_WARN_EMPTY_BODY = YES;
				CLANG_WARN_ENUM_CONVERSION = YES;
				CLANG_WARN_INFINITE_RECURSION = YES;
				CLANG_WARN_INT_CONVERSION = YES;
				CLANG_WARN_NON_LITERAL_NULL_CONVERSION = YES;
				CLANG_WARN_OBJC_IMPLICIT_RETAIN_SELF = YES;
				CLANG_WARN_OBJC_LITERAL_CONVERSION = YES;
				CLANG_WARN_OBJC_ROOT_CLASS = YES_ERROR;
				CLANG_WARN_QUOTED_INCLUDE_IN_FRAMEWORK_HEADER = YES;
				CLANG_WARN_RANGE_LOOP_ANALYSIS = YES;
				CLANG_WARN_STRICT_PROTOTYPES = YES;
				CLANG_WARN_SUSPICIOUS_MOVE = YES;
				CLANG_WARN_UNGUARDED_AVAILABILITY = YES_AGGRESSIVE;
				CLANG_WARN_UNREACHABLE_CODE = YES;
				CLANG_WARN__DUPLICATE_METHOD_MATCH = YES;
				COPY_PHASE_STRIP = NO;
				DEBUG_INFORMATION_FORMAT = dwarf;
				ENABLE_STRICT_OBJC_MSGSEND = YES;
				ENABLE_TESTABILITY = YES;
				ENABLE_USER_SCRIPT_SANDBOXING = YES;
				GCC_C_LANGUAGE_STANDARD = gnu17;
				GCC_DYNAMIC_NO_PIC = NO;
				GCC_NO_COMMON_BLOCKS = YES;
				GCC_OPTIMIZATION_LEVEL = 0;
				GCC_PREPROCESSOR_DEFINITIONS = (
					"DEBUG=1",
					"$(inherited)",
				);
				GCC_WARN_64_TO_32_BIT_CONVERSION = YES;
				GCC_WARN_ABOUT_RETURN_TYPE = YES_ERROR;
				GCC_WARN_UNDECLARED_SELECTOR = YES;
				GCC_WARN_UNINITIALIZED_AUTOS = YES_AGGRESSIVE;
				GCC_WARN_UNUSED_FUNCTION = YES;
				GCC_WARN_UNUSED_VARIABLE = YES;
				IPHONEOS_DEPLOYMENT_TARGET = 18.1;
				LOCALIZATION_PREFERS_STRING_CATALOGS = YES;
				MTL_ENABLE_DEBUG_INFO = INCLUDE_SOURCE;
				MTL_FAST_MATH = YES;
				ONLY_ACTIVE_ARCH = YES;
				SDKROOT = iphoneos;
				SWIFT_ACTIVE_COMPILATION_CONDITIONS = "DEBUG $(inherited)";
				SWIFT_OPTIMIZATION_LEVEL = "-Onone";
			};
			name = Debug;
		};
		D0BC69032CDAF0D4002E7BAA /* Release */ = {
			isa = XCBuildConfiguration;
			buildSettings = {
				ALWAYS_SEARCH_USER_PATHS = NO;
				ASSETCATALOG_COMPILER_GENERATE_SWIFT_ASSET_SYMBOL_EXTENSIONS = YES;
				CLANG_ANALYZER_NONNULL = YES;
				CLANG_ANALYZER_NUMBER_OBJECT_CONVERSION = YES_AGGRESSIVE;
				CLANG_CXX_LANGUAGE_STANDARD = "gnu++20";
				CLANG_ENABLE_MODULES = YES;
				CLANG_ENABLE_OBJC_ARC = YES;
				CLANG_ENABLE_OBJC_WEAK = YES;
				CLANG_WARN_BLOCK_CAPTURE_AUTORELEASING = YES;
				CLANG_WARN_BOOL_CONVERSION = YES;
				CLANG_WARN_COMMA = YES;
				CLANG_WARN_CONSTANT_CONVERSION = YES;
				CLANG_WARN_DEPRECATED_OBJC_IMPLEMENTATIONS = YES;
				CLANG_WARN_DIRECT_OBJC_ISA_USAGE = YES_ERROR;
				CLANG_WARN_DOCUMENTATION_COMMENTS = YES;
				CLANG_WARN_EMPTY_BODY = YES;
				CLANG_WARN_ENUM_CONVERSION = YES;
				CLANG_WARN_INFINITE_RECURSION = YES;
				CLANG_WARN_INT_CONVERSION = YES;
				CLANG_WARN_NON_LITERAL_NULL_CONVERSION = YES;
				CLANG_WARN_OBJC_IMPLICIT_RETAIN_SELF = YES;
				CLANG_WARN_OBJC_LITERAL_CONVERSION = YES;
				CLANG_WARN_OBJC_ROOT_CLASS = YES_ERROR;
				CLANG_WARN_QUOTED_INCLUDE_IN_FRAMEWORK_HEADER = YES;
				CLANG_WARN_RANGE_LOOP_ANALYSIS = YES;
				CLANG_WARN_STRICT_PROTOTYPES = YES;
				CLANG_WARN_SUSPICIOUS_MOVE = YES;
				CLANG_WARN_UNGUARDED_AVAILABILITY = YES_AGGRESSIVE;
				CLANG_WARN_UNREACHABLE_CODE = YES;
				CLANG_WARN__DUPLICATE_METHOD_MATCH = YES;
				COPY_PHASE_STRIP = NO;
				DEBUG_INFORMATION_FORMAT = "dwarf-with-dsym";
				ENABLE_NS_ASSERTIONS = NO;
				ENABLE_STRICT_OBJC_MSGSEND = YES;
				ENABLE_USER_SCRIPT_SANDBOXING = YES;
				GCC_C_LANGUAGE_STANDARD = gnu17;
				GCC_NO_COMMON_BLOCKS = YES;
				GCC_WARN_64_TO_32_BIT_CONVERSION = YES;
				GCC_WARN_ABOUT_RETURN_TYPE = YES_ERROR;
				GCC_WARN_UNDECLARED_SELECTOR = YES;
				GCC_WARN_UNINITIALIZED_AUTOS = YES_AGGRESSIVE;
				GCC_WARN_UNUSED_FUNCTION = YES;
				GCC_WARN_UNUSED_VARIABLE = YES;
				IPHONEOS_DEPLOYMENT_TARGET = 18.1;
				LOCALIZATION_PREFERS_STRING_CATALOGS = YES;
				MTL_ENABLE_DEBUG_INFO = NO;
				MTL_FAST_MATH = YES;
				SDKROOT = iphoneos;
				SWIFT_COMPILATION_MODE = wholemodule;
				VALIDATE_PRODUCT = YES;
			};
			name = Release;
		};
		D0BC69052CDAF0D4002E7BAA /* Debug */ = {
			isa = XCBuildConfiguration;
			buildSettings = {
				ASSETCATALOG_COMPILER_APPICON_NAME = AppIcon;
				ASSETCATALOG_COMPILER_GLOBAL_ACCENT_COLOR_NAME = AccentColor;
				CODE_SIGN_STYLE = Automatic;
				CURRENT_PROJECT_VERSION = 1;
				DEVELOPMENT_ASSET_PATHS = "\"MotionMendNew/Preview Content\"";
				DEVELOPMENT_TEAM = 4KMW42TRPQ;
				ENABLE_PREVIEWS = YES;
				GENERATE_INFOPLIST_FILE = YES;
				INFOPLIST_KEY_NSBluetoothAlwaysUsageDescription = "";
				INFOPLIST_KEY_UIApplicationSceneManifest_Generation = YES;
				INFOPLIST_KEY_UIApplicationSupportsIndirectInputEvents = YES;
				INFOPLIST_KEY_UILaunchScreen_Generation = YES;
				INFOPLIST_KEY_UISupportedInterfaceOrientations_iPad = "UIInterfaceOrientationPortrait UIInterfaceOrientationPortraitUpsideDown UIInterfaceOrientationLandscapeLeft UIInterfaceOrientationLandscapeRight";
				INFOPLIST_KEY_UISupportedInterfaceOrientations_iPhone = "UIInterfaceOrientationPortrait UIInterfaceOrientationLandscapeLeft UIInterfaceOrientationLandscapeRight";
				IPHONEOS_DEPLOYMENT_TARGET = 18.0;
				LD_RUNPATH_SEARCH_PATHS = (
					"$(inherited)",
					"@executable_path/Frameworks",
				);
				MARKETING_VERSION = 1.0;
				PRODUCT_BUNDLE_IDENTIFIER = MotionMend.MotionMendNewBruh;
				PRODUCT_NAME = "$(TARGET_NAME)";
				SWIFT_EMIT_LOC_STRINGS = YES;
				SWIFT_VERSION = 5.0;
				TARGETED_DEVICE_FAMILY = "1,2";
			};
			name = Debug;
		};
		D0BC69062CDAF0D4002E7BAA /* Release */ = {
			isa = XCBuildConfiguration;
			buildSettings = {
				ASSETCATALOG_COMPILER_APPICON_NAME = AppIcon;
				ASSETCATALOG_COMPILER_GLOBAL_ACCENT_COLOR_NAME = AccentColor;
				CODE_SIGN_STYLE = Automatic;
				CURRENT_PROJECT_VERSION = 1;
				DEVELOPMENT_ASSET_PATHS = "\"MotionMendNew/Preview Content\"";
				DEVELOPMENT_TEAM = 4KMW42TRPQ;
				ENABLE_PREVIEWS = YES;
				GENERATE_INFOPLIST_FILE = YES;
				INFOPLIST_KEY_NSBluetoothAlwaysUsageDescription = "";
				INFOPLIST_KEY_UIApplicationSceneManifest_Generation = YES;
				INFOPLIST_KEY_UIApplicationSupportsIndirectInputEvents = YES;
				INFOPLIST_KEY_UILaunchScreen_Generation = YES;
				INFOPLIST_KEY_UISupportedInterfaceOrientations_iPad = "UIInterfaceOrientationPortrait UIInterfaceOrientationPortraitUpsideDown UIInterfaceOrientationLandscapeLeft UIInterfaceOrientationLandscapeRight";
				INFOPLIST_KEY_UISupportedInterfaceOrientations_iPhone = "UIInterfaceOrientationPortrait UIInterfaceOrientationLandscapeLeft UIInterfaceOrientationLandscapeRight";
				IPHONEOS_DEPLOYMENT_TARGET = 18.0;
				LD_RUNPATH_SEARCH_PATHS = (
					"$(inherited)",
					"@executable_path/Frameworks",
				);
				MARKETING_VERSION = 1.0;
				PRODUCT_BUNDLE_IDENTIFIER = MotionMend.MotionMendNewBruh;
				PRODUCT_NAME = "$(TARGET_NAME)";
				SWIFT_EMIT_LOC_STRINGS = YES;
				SWIFT_VERSION = 5.0;
				TARGETED_DEVICE_FAMILY = "1,2";
			};
			name = Release;
		};
		D0BC69082CDAF0D4002E7BAA /* Debug */ = {
			isa = XCBuildConfiguration;
			buildSettings = {
				BUNDLE_LOADER = "$(TEST_HOST)";
				CODE_SIGN_STYLE = Automatic;
				CURRENT_PROJECT_VERSION = 1;
				DEVELOPMENT_TEAM = 4KMW42TRPQ;
				GENERATE_INFOPLIST_FILE = YES;
				IPHONEOS_DEPLOYMENT_TARGET = 18.1;
				MARKETING_VERSION = 1.0;
				PRODUCT_BUNDLE_IDENTIFIER = MotionMend.MotionMendNewTests;
				PRODUCT_NAME = "$(TARGET_NAME)";
				SWIFT_EMIT_LOC_STRINGS = NO;
				SWIFT_VERSION = 5.0;
				TARGETED_DEVICE_FAMILY = "1,2";
				TEST_HOST = "$(BUILT_PRODUCTS_DIR)/MotionMendNew.app/$(BUNDLE_EXECUTABLE_FOLDER_PATH)/MotionMendNew";
			};
			name = Debug;
		};
		D0BC69092CDAF0D4002E7BAA /* Release */ = {
			isa = XCBuildConfiguration;
			buildSettings = {
				BUNDLE_LOADER = "$(TEST_HOST)";
				CODE_SIGN_STYLE = Automatic;
				CURRENT_PROJECT_VERSION = 1;
				DEVELOPMENT_TEAM = 4KMW42TRPQ;
				GENERATE_INFOPLIST_FILE = YES;
				IPHONEOS_DEPLOYMENT_TARGET = 18.1;
				MARKETING_VERSION = 1.0;
				PRODUCT_BUNDLE_IDENTIFIER = MotionMend.MotionMendNewTests;
				PRODUCT_NAME = "$(TARGET_NAME)";
				SWIFT_EMIT_LOC_STRINGS = NO;
				SWIFT_VERSION = 5.0;
				TARGETED_DEVICE_FAMILY = "1,2";
				TEST_HOST = "$(BUILT_PRODUCTS_DIR)/MotionMendNew.app/$(BUNDLE_EXECUTABLE_FOLDER_PATH)/MotionMendNew";
			};
			name = Release;
		};
		D0BC690B2CDAF0D4002E7BAA /* Debug */ = {
			isa = XCBuildConfiguration;
			buildSettings = {
				CODE_SIGN_STYLE = Automatic;
				CURRENT_PROJECT_VERSION = 1;
				DEVELOPMENT_TEAM = 4KMW42TRPQ;
				GENERATE_INFOPLIST_FILE = YES;
				MARKETING_VERSION = 1.0;
				PRODUCT_BUNDLE_IDENTIFIER = MotionMend.MotionMendNewUITests;
				PRODUCT_NAME = "$(TARGET_NAME)";
				SWIFT_EMIT_LOC_STRINGS = NO;
				SWIFT_VERSION = 5.0;
				TARGETED_DEVICE_FAMILY = "1,2";
				TEST_TARGET_NAME = MotionMendNew;
			};
			name = Debug;
		};
		D0BC690C2CDAF0D4002E7BAA /* Release */ = {
			isa = XCBuildConfiguration;
			buildSettings = {
				CODE_SIGN_STYLE = Automatic;
				CURRENT_PROJECT_VERSION = 1;
				DEVELOPMENT_TEAM = 4KMW42TRPQ;
				GENERATE_INFOPLIST_FILE = YES;
				MARKETING_VERSION = 1.0;
				PRODUCT_BUNDLE_IDENTIFIER = MotionMend.MotionMendNewUITests;
				PRODUCT_NAME = "$(TARGET_NAME)";
				SWIFT_EMIT_LOC_STRINGS = NO;
				SWIFT_VERSION = 5.0;
				TARGETED_DEVICE_FAMILY = "1,2";
				TEST_TARGET_NAME = MotionMendNew;
			};
			name = Release;
		};
/* End XCBuildConfiguration section */

/* Begin XCConfigurationList section */
		D0BC68DB2CDAF0D2002E7BAA /* Build configuration list for PBXProject "MotionMendNew" */ = {
			isa = XCConfigurationList;
			buildConfigurations = (
				D0BC69022CDAF0D4002E7BAA /* Debug */,
				D0BC69032CDAF0D4002E7BAA /* Release */,
			);
			defaultConfigurationIsVisible = 0;
			defaultConfigurationName = Release;
		};
		D0BC69042CDAF0D4002E7BAA /* Build configuration list for PBXNativeTarget "MotionMendNew" */ = {
			isa = XCConfigurationList;
			buildConfigurations = (
				D0BC69052CDAF0D4002E7BAA /* Debug */,
				D0BC69062CDAF0D4002E7BAA /* Release */,
			);
			defaultConfigurationIsVisible = 0;
			defaultConfigurationName = Release;
		};
		D0BC69072CDAF0D4002E7BAA /* Build configuration list for PBXNativeTarget "MotionMendNewTests" */ = {
			isa = XCConfigurationList;
			buildConfigurations = (
				D0BC69082CDAF0D4002E7BAA /* Debug */,
				D0BC69092CDAF0D4002E7BAA /* Release */,
			);
			defaultConfigurationIsVisible = 0;
			defaultConfigurationName = Release;
		};
		D0BC690A2CDAF0D4002E7BAA /* Build configuration list for PBXNativeTarget "MotionMendNewUITests" */ = {
			isa = XCConfigurationList;
			buildConfigurations = (
				D0BC690B2CDAF0D4002E7BAA /* Debug */,
				D0BC690C2CDAF0D4002E7BAA /* Release */,
			);
			defaultConfigurationIsVisible = 0;
			defaultConfigurationName = Release;
		};
/* End XCConfigurationList section */

/* Begin XCLocalSwiftPackageReference section */
		D0333ECE2CFA7D740024C53D /* XCLocalSwiftPackageReference "../KneeLibrary" */ = {
			isa = XCLocalSwiftPackageReference;
			relativePath = ../KneeLibrary;
		};
/* End XCLocalSwiftPackageReference section */

/* Begin XCRemoteSwiftPackageReference section */
		D00A82FF2D01617600BE9EFB /* XCRemoteSwiftPackageReference "mysql-kit" */ = {
			isa = XCRemoteSwiftPackageReference;
			repositoryURL = "https://github.com/vapor/mysql-kit";
			requirement = {
				kind = upToNextMajorVersion;
				minimumVersion = 4.9.0;
			};
		};
/* End XCRemoteSwiftPackageReference section */

/* Begin XCSwiftPackageProductDependency section */
		D00A83002D01617600BE9EFB /* MySQLKit */ = {
			isa = XCSwiftPackageProductDependency;
			package = D00A82FF2D01617600BE9EFB /* XCRemoteSwiftPackageReference "mysql-kit" */;
			productName = MySQLKit;
		};
		D0333ECF2CFA7D740024C53D /* KneeLibrary */ = {
			isa = XCSwiftPackageProductDependency;
			productName = KneeLibrary;
		};
/* End XCSwiftPackageProductDependency section */
	};
	rootObject = D0BC68D82CDAF0D2002E7BAA /* Project object */;
}
